// !$*UTF8*$!
{
	archiveVersion = 1;
	classes = {
	};
	objectVersion = 46;
	objects = {

/* Begin PBXBuildFile section */
		CDDC1AD61D6433B5005159E3 /* main.m in Sources */ = {isa = PBXBuildFile; fileRef = CDDC1AD51D6433B5005159E3 /* main.m */; };
		CDDC1AD91D6433B5005159E3 /* AppDelegate.m in Sources */ = {isa = PBXBuildFile; fileRef = CDDC1AD81D6433B5005159E3 /* AppDelegate.m */; };
		CDDC1ADC1D6433B5005159E3 /* ViewController.m in Sources */ = {isa = PBXBuildFile; fileRef = CDDC1ADB1D6433B5005159E3 /* ViewController.m */; };
		CDDC1ADF1D6433B5005159E3 /* Main.storyboard in Resources */ = {isa = PBXBuildFile; fileRef = CDDC1ADD1D6433B5005159E3 /* Main.storyboard */; };
		CDDC1AE11D6433B5005159E3 /* Assets.xcassets in Resources */ = {isa = PBXBuildFile; fileRef = CDDC1AE01D6433B5005159E3 /* Assets.xcassets */; };
		CDDC1AE41D6433B5005159E3 /* LaunchScreen.storyboard in Resources */ = {isa = PBXBuildFile; fileRef = CDDC1AE21D6433B5005159E3 /* LaunchScreen.storyboard */; };
		CDDC1AEF1D6433B5005159E3 /* ViwepagerAndCoolViewTests.m in Sources */ = {isa = PBXBuildFile; fileRef = CDDC1AEE1D6433B5005159E3 /* ViwepagerAndCoolViewTests.m */; };
		CDDC1AFA1D6433B5005159E3 /* ViwepagerAndCoolViewUITests.m in Sources */ = {isa = PBXBuildFile; fileRef = CDDC1AF91D6433B5005159E3 /* ViwepagerAndCoolViewUITests.m */; };
/* End PBXBuildFile section */

/* Begin PBXContainerItemProxy section */
		CDDC1AEB1D6433B5005159E3 /* PBXContainerItemProxy */ = {
			isa = PBXContainerItemProxy;
			containerPortal = CDDC1AC91D6433B5005159E3 /* Project object */;
			proxyType = 1;
			remoteGlobalIDString = CDDC1AD01D6433B5005159E3;
			remoteInfo = ViwepagerAndCoolView;
		};
		CDDC1AF61D6433B5005159E3 /* PBXContainerItemProxy */ = {
			isa = PBXContainerItemProxy;
			containerPortal = CDDC1AC91D6433B5005159E3 /* Project object */;
			proxyType = 1;
			remoteGlobalIDString = CDDC1AD01D6433B5005159E3;
			remoteInfo = ViwepagerAndCoolView;
		};
/* End PBXContainerItemProxy section */

/* Begin PBXFileReference section */
		CDDC1AD11D6433B5005159E3 /* ViwepagerAndCoolView.app */ = {isa = PBXFileReference; explicitFileType = wrapper.application; includeInIndex = 0; path = ViwepagerAndCoolView.app; sourceTree = BUILT_PRODUCTS_DIR; };
		CDDC1AD51D6433B5005159E3 /* main.m */ = {isa = PBXFileReference; lastKnownFileType = sourcecode.c.objc; path = main.m; sourceTree = "<group>"; };
		CDDC1AD71D6433B5005159E3 /* AppDelegate.h */ = {isa = PBXFileReference; lastKnownFileType = sourcecode.c.h; path = AppDelegate.h; sourceTree = "<group>"; };
		CDDC1AD81D6433B5005159E3 /* AppDelegate.m */ = {isa = PBXFileReference; lastKnownFileType = sourcecode.c.objc; path = AppDelegate.m; sourceTree = "<group>"; };
		CDDC1ADA1D6433B5005159E3 /* ViewController.h */ = {isa = PBXFileReference; lastKnownFileType = sourcecode.c.h; path = ViewController.h; sourceTree = "<group>"; };
		CDDC1ADB1D6433B5005159E3 /* ViewController.m */ = {isa = PBXFileReference; lastKnownFileType = sourcecode.c.objc; path = ViewController.m; sourceTree = "<group>"; };
		CDDC1ADE1D6433B5005159E3 /* Base */ = {isa = PBXFileReference; lastKnownFileType = file.storyboard; name = Base; path = Base.lproj/Main.storyboard; sourceTree = "<group>"; };
		CDDC1AE01D6433B5005159E3 /* Assets.xcassets */ = {isa = PBXFileReference; lastKnownFileType = folder.assetcatalog; path = Assets.xcassets; sourceTree = "<group>"; };
		CDDC1AE31D6433B5005159E3 /* Base */ = {isa = PBXFileReference; lastKnownFileType = file.storyboard; name = Base; path = Base.lproj/LaunchScreen.storyboard; sourceTree = "<group>"; };
		CDDC1AE51D6433B5005159E3 /* Info.plist */ = {isa = PBXFileReference; lastKnownFileType = text.plist.xml; path = Info.plist; sourceTree = "<group>"; };
		CDDC1AEA1D6433B5005159E3 /* ViwepagerAndCoolViewTests.xctest */ = {isa = PBXFileReference; explicitFileType = wrapper.cfbundle; includeInIndex = 0; path = ViwepagerAndCoolViewTests.xctest; sourceTree = BUILT_PRODUCTS_DIR; };
		CDDC1AEE1D6433B5005159E3 /* ViwepagerAndCoolViewTests.m */ = {isa = PBXFileReference; lastKnownFileType = sourcecode.c.objc; path = ViwepagerAndCoolViewTests.m; sourceTree = "<group>"; };
		CDDC1AF01D6433B5005159E3 /* Info.plist */ = {isa = PBXFileReference; lastKnownFileType = text.plist.xml; path = Info.plist; sourceTree = "<group>"; };
		CDDC1AF51D6433B5005159E3 /* ViwepagerAndCoolViewUITests.xctest */ = {isa = PBXFileReference; explicitFileType = wrapper.cfbundle; includeInIndex = 0; path = ViwepagerAndCoolViewUITests.xctest; sourceTree = BUILT_PRODUCTS_DIR; };
		CDDC1AF91D6433B5005159E3 /* ViwepagerAndCoolViewUITests.m */ = {isa = PBXFileReference; lastKnownFileType = sourcecode.c.objc; path = ViwepagerAndCoolViewUITests.m; sourceTree = "<group>"; };
		CDDC1AFB1D6433B5005159E3 /* Info.plist */ = {isa = PBXFileReference; lastKnownFileType = text.plist.xml; path = Info.plist; sourceTree = "<group>"; };
/* End PBXFileReference section */

/* Begin PBXFrameworksBuildPhase section */
		CDDC1ACE1D6433B5005159E3 /* Frameworks */ = {
			isa = PBXFrameworksBuildPhase;
			buildActionMask = 2147483647;
			files = (
			);
			runOnlyForDeploymentPostprocessing = 0;
		};
		CDDC1AE71D6433B5005159E3 /* Frameworks */ = {
			isa = PBXFrameworksBuildPhase;
			buildActionMask = 2147483647;
			files = (
			);
			runOnlyForDeploymentPostprocessing = 0;
		};
		CDDC1AF21D6433B5005159E3 /* Frameworks */ = {
			isa = PBXFrameworksBuildPhase;
			buildActionMask = 2147483647;
			files = (
			);
			runOnlyForDeploymentPostprocessing = 0;
		};
/* End PBXFrameworksBuildPhase section */

/* Begin PBXGroup section */
		CDDC1AC81D6433B5005159E3 = {
			isa = PBXGroup;
			children = (
				CDDC1AD31D6433B5005159E3 /* ViwepagerAndCoolView */,
				CDDC1AED1D6433B5005159E3 /* ViwepagerAndCoolViewTests */,
				CDDC1AF81D6433B5005159E3 /* ViwepagerAndCoolViewUITests */,
				CDDC1AD21D6433B5005159E3 /* Products */,
			);
			sourceTree = "<group>";
		};
		CDDC1AD21D6433B5005159E3 /* Products */ = {
			isa = PBXGroup;
			children = (
				CDDC1AD11D6433B5005159E3 /* ViwepagerAndCoolView.app */,
				CDDC1AEA1D6433B5005159E3 /* ViwepagerAndCoolViewTests.xctest */,
				CDDC1AF51D6433B5005159E3 /* ViwepagerAndCoolViewUITests.xctest */,
			);
			name = Products;
			sourceTree = "<group>";
		};
		CDDC1AD31D6433B5005159E3 /* ViwepagerAndCoolView */ = {
			isa = PBXGroup;
			children = (
				CDDC1AD71D6433B5005159E3 /* AppDelegate.h */,
				CDDC1AD81D6433B5005159E3 /* AppDelegate.m */,
				CDDC1ADA1D6433B5005159E3 /* ViewController.h */,
				CDDC1ADB1D6433B5005159E3 /* ViewController.m */,
				CDDC1ADD1D6433B5005159E3 /* Main.storyboard */,
				CDDC1AE01D6433B5005159E3 /* Assets.xcassets */,
				CDDC1AE21D6433B5005159E3 /* LaunchScreen.storyboard */,
				CDDC1AE51D6433B5005159E3 /* Info.plist */,
				CDDC1AD41D6433B5005159E3 /* Supporting Files */,
			);
			path = ViwepagerAndCoolView;
			sourceTree = "<group>";
		};
		CDDC1AD41D6433B5005159E3 /* Supporting Files */ = {
			isa = PBXGroup;
			children = (
				CDDC1AD51D6433B5005159E3 /* main.m */,
			);
			name = "Supporting Files";
			sourceTree = "<group>";
		};
		CDDC1AED1D6433B5005159E3 /* ViwepagerAndCoolViewTests */ = {
			isa = PBXGroup;
			children = (
				CDDC1AEE1D6433B5005159E3 /* ViwepagerAndCoolViewTests.m */,
				CDDC1AF01D6433B5005159E3 /* Info.plist */,
			);
			path = ViwepagerAndCoolViewTests;
			sourceTree = "<group>";
		};
		CDDC1AF81D6433B5005159E3 /* ViwepagerAndCoolViewUITests */ = {
			isa = PBXGroup;
			children = (
				CDDC1AF91D6433B5005159E3 /* ViwepagerAndCoolViewUITests.m */,
				CDDC1AFB1D6433B5005159E3 /* Info.plist */,
			);
			path = ViwepagerAndCoolViewUITests;
			sourceTree = "<group>";
		};
/* End PBXGroup section */

/* Begin PBXNativeTarget section */
		CDDC1AD01D6433B5005159E3 /* ViwepagerAndCoolView */ = {
			isa = PBXNativeTarget;
			buildConfigurationList = CDDC1AFE1D6433B5005159E3 /* Build configuration list for PBXNativeTarget "ViwepagerAndCoolView" */;
			buildPhases = (
				CDDC1ACD1D6433B5005159E3 /* Sources */,
				CDDC1ACE1D6433B5005159E3 /* Frameworks */,
				CDDC1ACF1D6433B5005159E3 /* Resources */,
			);
			buildRules = (
			);
			dependencies = (
			);
			name = ViwepagerAndCoolView;
			productName = ViwepagerAndCoolView;
			productReference = CDDC1AD11D6433B5005159E3 /* ViwepagerAndCoolView.app */;
			productType = "com.apple.product-type.application";
		};
		CDDC1AE91D6433B5005159E3 /* ViwepagerAndCoolViewTests */ = {
			isa = PBXNativeTarget;
			buildConfigurationList = CDDC1B011D6433B5005159E3 /* Build configuration list for PBXNativeTarget "ViwepagerAndCoolViewTests" */;
			buildPhases = (
				CDDC1AE61D6433B5005159E3 /* Sources */,
				CDDC1AE71D6433B5005159E3 /* Frameworks */,
				CDDC1AE81D6433B5005159E3 /* Resources */,
			);
			buildRules = (
			);
			dependencies = (
				CDDC1AEC1D6433B5005159E3 /* PBXTargetDependency */,
			);
			name = ViwepagerAndCoolViewTests;
			productName = ViwepagerAndCoolViewTests;
			productReference = CDDC1AEA1D6433B5005159E3 /* ViwepagerAndCoolViewTests.xctest */;
			productType = "com.apple.product-type.bundle.unit-test";
		};
		CDDC1AF41D6433B5005159E3 /* ViwepagerAndCoolViewUITests */ = {
			isa = PBXNativeTarget;
			buildConfigurationList = CDDC1B041D6433B5005159E3 /* Build configuration list for PBXNativeTarget "ViwepagerAndCoolViewUITests" */;
			buildPhases = (
				CDDC1AF11D6433B5005159E3 /* Sources */,
				CDDC1AF21D6433B5005159E3 /* Frameworks */,
				CDDC1AF31D6433B5005159E3 /* Resources */,
			);
			buildRules = (
			);
			dependencies = (
				CDDC1AF71D6433B5005159E3 /* PBXTargetDependency */,
			);
			name = ViwepagerAndCoolViewUITests;
			productName = ViwepagerAndCoolViewUITests;
			productReference = CDDC1AF51D6433B5005159E3 /* ViwepagerAndCoolViewUITests.xctest */;
			productType = "com.apple.product-type.bundle.ui-testing";
		};
/* End PBXNativeTarget section */

/* Begin PBXProject section */
		CDDC1AC91D6433B5005159E3 /* Project object */ = {
			isa = PBXProject;
			attributes = {
				LastUpgradeCheck = 0730;
				ORGANIZATIONNAME = Winnie;
				TargetAttributes = {
					CDDC1AD01D6433B5005159E3 = {
						CreatedOnToolsVersion = 7.3.1;
					};
					CDDC1AE91D6433B5005159E3 = {
						CreatedOnToolsVersion = 7.3.1;
						TestTargetID = CDDC1AD01D6433B5005159E3;
					};
					CDDC1AF41D6433B5005159E3 = {
						CreatedOnToolsVersion = 7.3.1;
						TestTargetID = CDDC1AD01D6433B5005159E3;
					};
				};
			};
			buildConfigurationList = CDDC1ACC1D6433B5005159E3 /* Build configuration list for PBXProject "ViwepagerAndCoolView" */;
			compatibilityVersion = "Xcode 3.2";
			developmentRegion = English;
			hasScannedForEncodings = 0;
			knownRegions = (
				en,
				Base,
			);
			mainGroup = CDDC1AC81D6433B5005159E3;
			productRefGroup = CDDC1AD21D6433B5005159E3 /* Products */;
			projectDirPath = "";
			projectRoot = "";
			targets = (
				CDDC1AD01D6433B5005159E3 /* ViwepagerAndCoolView */,
				CDDC1AE91D6433B5005159E3 /* ViwepagerAndCoolViewTests */,
				CDDC1AF41D6433B5005159E3 /* ViwepagerAndCoolViewUITests */,
			);
		};
/* End PBXProject section */

/* Begin PBXResourcesBuildPhase section */
		CDDC1ACF1D6433B5005159E3 /* Resources */ = {
			isa = PBXResourcesBuildPhase;
			buildActionMask = 2147483647;
			files = (
				CDDC1AE41D6433B5005159E3 /* LaunchScreen.storyboard in Resources */,
				CDDC1AE11D6433B5005159E3 /* Assets.xcassets in Resources */,
				CDDC1ADF1D6433B5005159E3 /* Main.storyboard in Resources */,
			);
			runOnlyForDeploymentPostprocessing = 0;
		};
		CDDC1AE81D6433B5005159E3 /* Resources */ = {
			isa = PBXResourcesBuildPhase;
			buildActionMask = 2147483647;
			files = (
			);
			runOnlyForDeploymentPostprocessing = 0;
		};
		CDDC1AF31D6433B5005159E3 /* Resources */ = {
			isa = PBXResourcesBuildPhase;
			buildActionMask = 2147483647;
			files = (
			);
			runOnlyForDeploymentPostprocessing = 0;
		};
/* End PBXResourcesBuildPhase section */

/* Begin PBXSourcesBuildPhase section */
		CDDC1ACD1D6433B5005159E3 /* Sources */ = {
			isa = PBXSourcesBuildPhase;
			buildActionMask = 2147483647;
			files = (
				CDDC1ADC1D6433B5005159E3 /* ViewController.m in Sources */,
				CDDC1AD91D6433B5005159E3 /* AppDelegate.m in Sources */,
				CDDC1AD61D6433B5005159E3 /* main.m in Sources */,
			);
			runOnlyForDeploymentPostprocessing = 0;
		};
		CDDC1AE61D6433B5005159E3 /* Sources */ = {
			isa = PBXSourcesBuildPhase;
			buildActionMask = 2147483647;
			files = (
				CDDC1AEF1D6433B5005159E3 /* ViwepagerAndCoolViewTests.m in Sources */,
			);
			runOnlyForDeploymentPostprocessing = 0;
		};
		CDDC1AF11D6433B5005159E3 /* Sources */ = {
			isa = PBXSourcesBuildPhase;
			buildActionMask = 2147483647;
			files = (
				CDDC1AFA1D6433B5005159E3 /* ViwepagerAndCoolViewUITests.m in Sources */,
			);
			runOnlyForDeploymentPostprocessing = 0;
		};
/* End PBXSourcesBuildPhase section */

/* Begin PBXTargetDependency section */
		CDDC1AEC1D6433B5005159E3 /* PBXTargetDependency */ = {
			isa = PBXTargetDependency;
			target = CDDC1AD01D6433B5005159E3 /* ViwepagerAndCoolView */;
			targetProxy = CDDC1AEB1D6433B5005159E3 /* PBXContainerItemProxy */;
		};
		CDDC1AF71D6433B5005159E3 /* PBXTargetDependency */ = {
			isa = PBXTargetDependency;
			target = CDDC1AD01D6433B5005159E3 /* ViwepagerAndCoolView */;
			targetProxy = CDDC1AF61D6433B5005159E3 /* PBXContainerItemProxy */;
		};
/* End PBXTargetDependency section */

/* Begin PBXVariantGroup section */
		CDDC1ADD1D6433B5005159E3 /* Main.storyboard */ = {
			isa = PBXVariantGroup;
			children = (
				CDDC1ADE1D6433B5005159E3 /* Base */,
			);
			name = Main.storyboard;
			sourceTree = "<group>";
		};
		CDDC1AE21D6433B5005159E3 /* LaunchScreen.storyboard */ = {
			isa = PBXVariantGroup;
			children = (
				CDDC1AE31D6433B5005159E3 /* Base */,
			);
			name = LaunchScreen.storyboard;
			sourceTree = "<group>";
		};
/* End PBXVariantGroup section */

/* Begin XCBuildConfiguration section */
		CDDC1AFC1D6433B5005159E3 /* Debug */ = {
			isa = XCBuildConfiguration;
			buildSettings = {
				ALWAYS_SEARCH_USER_PATHS = NO;
				CLANG_ANALYZER_NONNULL = YES;
				CLANG_CXX_LANGUAGE_STANDARD = "gnu++0x";
				CLANG_CXX_LIBRARY = "libc++";
				CLANG_ENABLE_MODULES = YES;
				CLANG_ENABLE_OBJC_ARC = YES;
				CLANG_WARN_BOOL_CONVERSION = YES;
				CLANG_WARN_CONSTANT_CONVERSION = YES;
				CLANG_WARN_DIRECT_OBJC_ISA_USAGE = YES_ERROR;
				CLANG_WARN_EMPTY_BODY = YES;
				CLANG_WARN_ENUM_CONVERSION = YES;
				CLANG_WARN_INT_CONVERSION = YES;
				CLANG_WARN_OBJC_ROOT_CLASS = YES_ERROR;
				CLANG_WARN_UNREACHABLE_CODE = YES;
				CLANG_WARN__DUPLICATE_METHOD_MATCH = YES;
				"CODE_SIGN_IDENTITY[sdk=iphoneos*]" = "iPhone Developer";
				COPY_PHASE_STRIP = NO;
				DEBUG_INFORMATION_FORMAT = dwarf;
				ENABLE_STRICT_OBJC_MSGSEND = YES;
				ENABLE_TESTABILITY = YES;
				GCC_C_LANGUAGE_STANDARD = gnu99;
				GCC_DYNAMIC_NO_PIC = NO;
				GCC_NO_COMMON_BLOCKS = YES;
				GCC_OPTIMIZATION_LEVEL = 0;
				GCC_PREPROCESSOR_DEFINITIONS = (
					"DEBUG=1",
					"$(inherited)",
				);
				GCC_WARN_64_TO_32_BIT_CONVERSION = YES;
				GCC_WARN_ABOUT_RETURN_TYPE = YES_ERROR;
				GCC_WARN_UNDECLARED_SELECTOR = YES;
				GCC_WARN_UNINITIALIZED_AUTOS = YES_AGGRESSIVE;
				GCC_WARN_UNUSED_FUNCTION = YES;
				GCC_WARN_UNUSED_VARIABLE = YES;
				IPHONEOS_DEPLOYMENT_TARGET = 9.3;
				MTL_ENABLE_DEBUG_INFO = YES;
				ONLY_ACTIVE_ARCH = YES;
				SDKROOT = iphoneos;
				TARGETED_DEVICE_FAMILY = "1,2";
			};
			name = Debug;
		};
		CDDC1AFD1D6433B5005159E3 /* Release */ = {
			isa = XCBuildConfiguration;
			buildSettings = {
				ALWAYS_SEARCH_USER_PATHS = NO;
				CLANG_ANALYZER_NONNULL = YES;
				CLANG_CXX_LANGUAGE_STANDARD = "gnu++0x";
				CLANG_CXX_LIBRARY = "libc++";
				CLANG_ENABLE_MODULES = YES;
				CLANG_ENABLE_OBJC_ARC = YES;
				CLANG_WARN_BOOL_CONVERSION = YES;
				CLANG_WARN_CONSTANT_CONVERSION = YES;
				CLANG_WARN_DIRECT_OBJC_ISA_USAGE = YES_ERROR;
				CLANG_WARN_EMPTY_BODY = YES;
				CLANG_WARN_ENUM_CONVERSION = YES;
				CLANG_WARN_INT_CONVERSION = YES;
				CLANG_WARN_OBJC_ROOT_CLASS = YES_ERROR;
				CLANG_WARN_UNREACHABLE_CODE = YES;
				CLANG_WARN__DUPLICATE_METHOD_MATCH = YES;
				"CODE_SIGN_IDENTITY[sdk=iphoneos*]" = "iPhone Developer";
				COPY_PHASE_STRIP = NO;
				DEBUG_INFORMATION_FORMAT = "dwarf-with-dsym";
				ENABLE_NS_ASSERTIONS = NO;
				ENABLE_STRICT_OBJC_MSGSEND = YES;
				GCC_C_LANGUAGE_STANDARD = gnu99;
				GCC_NO_COMMON_BLOCKS = YES;
				GCC_WARN_64_TO_32_BIT_CONVERSION = YES;
				GCC_WARN_ABOUT_RETURN_TYPE = YES_ERROR;
				GCC_WARN_UNDECLARED_SELECTOR = YES;
				GCC_WARN_UNINITIALIZED_AUTOS = YES_AGGRESSIVE;
				GCC_WARN_UNUSED_FUNCTION = YES;
				GCC_WARN_UNUSED_VARIABLE = YES;
				IPHONEOS_DEPLOYMENT_TARGET = 9.3;
				MTL_ENABLE_DEBUG_INFO = NO;
				SDKROOT = iphoneos;
				TARGETED_DEVICE_FAMILY = "1,2";
				VALIDATE_PRODUCT = YES;
			};
			name = Release;
		};
		CDDC1AFF1D6433B5005159E3 /* Debug */ = {
			isa = XCBuildConfiguration;
			buildSettings = {
				ASSETCATALOG_COMPILER_APPICON_NAME = AppIcon;
				INFOPLIST_FILE = ViwepagerAndCoolView/Info.plist;
				LD_RUNPATH_SEARCH_PATHS = "$(inherited) @executable_path/Frameworks";
				PRODUCT_BUNDLE_IDENTIFIER = com.zhz.winnie.ViwepagerAndCoolView;
				PRODUCT_NAME = "$(TARGET_NAME)";
			};
			name = Debug;
		};
		CDDC1B001D6433B5005159E3 /* Release */ = {
			isa = XCBuildConfiguration;
			buildSettings = {
				ASSETCATALOG_COMPILER_APPICON_NAME = AppIcon;
				INFOPLIST_FILE = ViwepagerAndCoolView/Info.plist;
				LD_RUNPATH_SEARCH_PATHS = "$(inherited) @executable_path/Frameworks";
				PRODUCT_BUNDLE_IDENTIFIER = com.zhz.winnie.ViwepagerAndCoolView;
				PRODUCT_NAME = "$(TARGET_NAME)";
			};
			name = Release;
		};
		CDDC1B021D6433B5005159E3 /* Debug */ = {
			isa = XCBuildConfiguration;
			buildSettings = {
				BUNDLE_LOADER = "$(TEST_HOST)";
				INFOPLIST_FILE = ViwepagerAndCoolViewTests/Info.plist;
				LD_RUNPATH_SEARCH_PATHS = "$(inherited) @executable_path/Frameworks @loader_path/Frameworks";
				PRODUCT_BUNDLE_IDENTIFIER = com.zhz.winnie.ViwepagerAndCoolViewTests;
				PRODUCT_NAME = "$(TARGET_NAME)";
				TEST_HOST = "$(BUILT_PRODUCTS_DIR)/ViwepagerAndCoolView.app/ViwepagerAndCoolView";
			};
			name = Debug;
		};
		CDDC1B031D6433B5005159E3 /* Release */ = {
			isa = XCBuildConfiguration;
			buildSettings = {
				BUNDLE_LOADER = "$(TEST_HOST)";
				INFOPLIST_FILE = ViwepagerAndCoolViewTests/Info.plist;
				LD_RUNPATH_SEARCH_PATHS = "$(inherited) @executable_path/Frameworks @loader_path/Frameworks";
				PRODUCT_BUNDLE_IDENTIFIER = com.zhz.winnie.ViwepagerAndCoolViewTests;
				PRODUCT_NAME = "$(TARGET_NAME)";
				TEST_HOST = "$(BUILT_PRODUCTS_DIR)/ViwepagerAndCoolView.app/ViwepagerAndCoolView";
			};
			name = Release;
		};
		CDDC1B051D6433B5005159E3 /* Debug */ = {
			isa = XCBuildConfiguration;
			buildSettings = {
				INFOPLIST_FILE = ViwepagerAndCoolViewUITests/Info.plist;
				LD_RUNPATH_SEARCH_PATHS = "$(inherited) @executable_path/Frameworks @loader_path/Frameworks";
				PRODUCT_BUNDLE_IDENTIFIER = com.zhz.winnie.ViwepagerAndCoolViewUITests;
				PRODUCT_NAME = "$(TARGET_NAME)";
				TEST_TARGET_NAME = ViwepagerAndCoolView;
			};
			name = Debug;
		};
		CDDC1B061D6433B5005159E3 /* Release */ = {
			isa = XCBuildConfiguration;
			buildSettings = {
				INFOPLIST_FILE = ViwepagerAndCoolViewUITests/Info.plist;
				LD_RUNPATH_SEARCH_PATHS = "$(inherited) @executable_path/Frameworks @loader_path/Frameworks";
				PRODUCT_BUNDLE_IDENTIFIER = com.zhz.winnie.ViwepagerAndCoolViewUITests;
				PRODUCT_NAME = "$(TARGET_NAME)";
				TEST_TARGET_NAME = ViwepagerAndCoolView;
			};
			name = Release;
		};
/* End XCBuildConfiguration section */

/* Begin XCConfigurationList section */
		CDDC1ACC1D6433B5005159E3 /* Build configuration list for PBXProject "ViwepagerAndCoolView" */ = {
			isa = XCConfigurationList;
			buildConfigurations = (
				CDDC1AFC1D6433B5005159E3 /* Debug */,
				CDDC1AFD1D6433B5005159E3 /* Release */,
			);
			defaultConfigurationIsVisible = 0;
			defaultConfigurationName = Release;
		};
		CDDC1AFE1D6433B5005159E3 /* Build configuration list for PBXNativeTarget "ViwepagerAndCoolView" */ = {
			isa = XCConfigurationList;
			buildConfigurations = (
				CDDC1AFF1D6433B5005159E3 /* Debug */,
				CDDC1B001D6433B5005159E3 /* Release */,
			);
			defaultConfigurationIsVisible = 0;
		};
		CDDC1B011D6433B5005159E3 /* Build configuration list for PBXNativeTarget "ViwepagerAndCoolViewTests" */ = {
			isa = XCConfigurationList;
			buildConfigurations = (
				CDDC1B021D6433B5005159E3 /* Debug */,
				CDDC1B031D6433B5005159E3 /* Release */,
			);
			defaultConfigurationIsVisible = 0;
		};
		CDDC1B041D6433B5005159E3 /* Build configuration list for PBXNativeTarget "ViwepagerAndCoolViewUITests" */ = {
			isa = XCConfigurationList;
			buildConfigurations = (
				CDDC1B051D6433B5005159E3 /* Debug */,
				CDDC1B061D6433B5005159E3 /* Release */,
			);
			defaultConfigurationIsVisible = 0;
		};
/* End XCConfigurationList section */
	};
	rootObject = CDDC1AC91D6433B5005159E3 /* Project object */;
}
